
Microsoft Visual Studio Solution File, Format Version 12.00
# Visual Studio 15
VisualStudioVersion = 15.0.28010.2026
MinimumVisualStudioVersion = 10.0.40219.1
Project("{D2ABAB84-BF74-430A-B69E-9DC6D40DDA17}") = "Lab07OCT2018", "MultidimensionalProject1\Lab07OCT2018.dwproj", "{0E7A8C98-0D89-4651-BB28-854ACA7605A4}"
EndProject
Global
	GlobalSection(SolutionConfigurationPlatforms) = preSolution
		Development|Default = Development|Default
	EndGlobalSection
	GlobalSection(ProjectConfigurationPlatforms) = postSolution
		{0E7A8C98-0D89-4651-BB28-854ACA7605A4}.Development|Default.ActiveCfg = Development
		{0E7A8C98-0D89-4651-BB28-854ACA7605A4}.Development|Default.Build.0 = Development
		{0E7A8C98-0D89-4651-BB28-854ACA7605A4}.Development|Default.Deploy.0 = Development
	EndGlobalSection
	GlobalSection(SolutionProperties) = preSolution
		HideSolutionNode = FALSE
	EndGlobalSection
	GlobalSection(ExtensibilityGlobals) = postSolution
		SolutionGuid = {8E68CEF0-C809-4199-9964-D8EE5C7EA6E3}
	EndGlobalSection
EndGlobal
